
Microsoft Visual Studio Solution File, Format Version 12.00
# Visual Studio 15
VisualStudioVersion = 15.0.26730.15
MinimumVisualStudioVersion = 10.0.40219.1
Project("{FAE04EC0-301F-11D3-BF4B-00C04F79EFBC}") = "Lab_03_EAB", "Lab_03_EAB\Lab_03_EAB.csproj", "{9161DA53-D52B-4DBA-8B14-FC40532BCB34}"
EndProject
Project("{FAE04EC0-301F-11D3-BF4B-00C04F79EFBC}") = "EmployeeLabUnitTests", "EmployeeLabUnitTests\EmployeeLabUnitTests.csproj", "{D81DE95C-83B7-48FD-87FE-20161F8FF7CF}"
EndProject
Global
	GlobalSection(SolutionConfigurationPlatforms) = preSolution
		Debug|Any CPU = Debug|Any CPU
		Release|Any CPU = Release|Any CPU
	EndGlobalSection
	GlobalSection(ProjectConfigurationPlatforms) = postSolution
		{9161DA53-D52B-4DBA-8B14-FC40532BCB34}.Debug|Any CPU.ActiveCfg = Debug|Any CPU
		{9161DA53-D52B-4DBA-8B14-FC40532BCB34}.Debug|Any CPU.Build.0 = Debug|Any CPU
		{9161DA53-D52B-4DBA-8B14-FC40532BCB34}.Release|Any CPU.ActiveCfg = Release|Any CPU
		{9161DA53-D52B-4DBA-8B14-FC40532BCB34}.Release|Any CPU.Build.0 = Release|Any CPU
		{D81DE95C-83B7-48FD-87FE-20161F8FF7CF}.Debug|Any CPU.ActiveCfg = Debug|Any CPU
		{D81DE95C-83B7-48FD-87FE-20161F8FF7CF}.Debug|Any CPU.Build.0 = Debug|Any CPU
		{D81DE95C-83B7-48FD-87FE-20161F8FF7CF}.Release|Any CPU.ActiveCfg = Release|Any CPU
		{D81DE95C-83B7-48FD-87FE-20161F8FF7CF}.Release|Any CPU.Build.0 = Release|Any CPU
	EndGlobalSection
	GlobalSection(SolutionProperties) = preSolution
		HideSolutionNode = FALSE
	EndGlobalSection
	GlobalSection(ExtensibilityGlobals) = postSolution
		SolutionGuid = {2B74AE48-896F-48F3-A064-35AE5D5ACBCF}
	EndGlobalSection
EndGlobal
